
Microsoft Visual Studio Solution File, Format Version 12.00
# Visual Studio Version 16
VisualStudioVersion = 16.0.30225.117
MinimumVisualStudioVersion = 10.0.40219.1
Project("{FAE04EC0-301F-11D3-BF4B-00C04F79EFBC}") = "Lab8_Cellini", "Lab8_Cellini\Lab8_Cellini.csproj", "{C812EC2C-8A89-494E-A3A8-7EE28EB21CD8}"
EndProject
Global
	GlobalSection(SolutionConfigurationPlatforms) = preSolution
		Debug|Any CPU = Debug|Any CPU
		Release|Any CPU = Release|Any CPU
	EndGlobalSection
	GlobalSection(ProjectConfigurationPlatforms) = postSolution
		{C812EC2C-8A89-494E-A3A8-7EE28EB21CD8}.Debug|Any CPU.ActiveCfg = Debug|Any CPU
		{C812EC2C-8A89-494E-A3A8-7EE28EB21CD8}.Debug|Any CPU.Build.0 = Debug|Any CPU
		{C812EC2C-8A89-494E-A3A8-7EE28EB21CD8}.Release|Any CPU.ActiveCfg = Release|Any CPU
		{C812EC2C-8A89-494E-A3A8-7EE28EB21CD8}.Release|Any CPU.Build.0 = Release|Any CPU
	EndGlobalSection
	GlobalSection(SolutionProperties) = preSolution
		HideSolutionNode = FALSE
	EndGlobalSection
	GlobalSection(ExtensibilityGlobals) = postSolution
		SolutionGuid = {3A600ABC-18B1-49DF-91F6-3D5903CC6B22}
	EndGlobalSection
EndGlobal
